// !$*UTF8*$!
{
	archiveVersion = 1;
	classes = {
	};
	objectVersion = 55;
	objects = {

/* Begin PBXBuildFile section */
		D3A4EB18284F11A3002E3499 /* Csv2ImageAppApp.swift in Sources */ = {isa = PBXBuildFile; fileRef = D3A4EB17284F11A3002E3499 /* Csv2ImageAppApp.swift */; };
		D3A4EB1A284F11A3002E3499 /* ContentView.swift in Sources */ = {isa = PBXBuildFile; fileRef = D3A4EB19284F11A3002E3499 /* ContentView.swift */; };
		D3A4EB1C284F11A4002E3499 /* Assets.xcassets in Resources */ = {isa = PBXBuildFile; fileRef = D3A4EB1B284F11A4002E3499 /* Assets.xcassets */; };
		D3A4EB1F284F11A4002E3499 /* Preview Assets.xcassets in Resources */ = {isa = PBXBuildFile; fileRef = D3A4EB1E284F11A4002E3499 /* Preview Assets.xcassets */; };
		D3A4EB2A284F11A4002E3499 /* Csv2ImageAppTests.swift in Sources */ = {isa = PBXBuildFile; fileRef = D3A4EB29284F11A4002E3499 /* Csv2ImageAppTests.swift */; };
		D3A4EB34284F11A4002E3499 /* Csv2ImageAppUITests.swift in Sources */ = {isa = PBXBuildFile; fileRef = D3A4EB33284F11A4002E3499 /* Csv2ImageAppUITests.swift */; };
		D3A4EB36284F11A4002E3499 /* Csv2ImageAppUITestsLaunchTests.swift in Sources */ = {isa = PBXBuildFile; fileRef = D3A4EB35284F11A4002E3499 /* Csv2ImageAppUITestsLaunchTests.swift */; };
		D3BD21FC2855D2F6004B53FE /* Csv2Img in Frameworks */ = {isa = PBXBuildFile; productRef = D3BD21FB2855D2F6004B53FE /* Csv2Img */; };
/* End PBXBuildFile section */

/* Begin PBXContainerItemProxy section */
		D3A4EB26284F11A4002E3499 /* PBXContainerItemProxy */ = {
			isa = PBXContainerItemProxy;
			containerPortal = D3A4EB0C284F11A3002E3499 /* Project object */;
			proxyType = 1;
			remoteGlobalIDString = D3A4EB13284F11A3002E3499;
			remoteInfo = Csv2ImageApp;
		};
		D3A4EB30284F11A4002E3499 /* PBXContainerItemProxy */ = {
			isa = PBXContainerItemProxy;
			containerPortal = D3A4EB0C284F11A3002E3499 /* Project object */;
			proxyType = 1;
			remoteGlobalIDString = D3A4EB13284F11A3002E3499;
			remoteInfo = Csv2ImageApp;
		};
/* End PBXContainerItemProxy section */

/* Begin PBXFileReference section */
		D3A4EB14284F11A3002E3499 /* Csv2ImageApp.app */ = {isa = PBXFileReference; explicitFileType = wrapper.application; includeInIndex = 0; path = Csv2ImageApp.app; sourceTree = BUILT_PRODUCTS_DIR; };
		D3A4EB17284F11A3002E3499 /* Csv2ImageAppApp.swift */ = {isa = PBXFileReference; lastKnownFileType = sourcecode.swift; path = Csv2ImageAppApp.swift; sourceTree = "<group>"; };
		D3A4EB19284F11A3002E3499 /* ContentView.swift */ = {isa = PBXFileReference; lastKnownFileType = sourcecode.swift; path = ContentView.swift; sourceTree = "<group>"; };
		D3A4EB1B284F11A4002E3499 /* Assets.xcassets */ = {isa = PBXFileReference; lastKnownFileType = folder.assetcatalog; path = Assets.xcassets; sourceTree = "<group>"; };
		D3A4EB1E284F11A4002E3499 /* Preview Assets.xcassets */ = {isa = PBXFileReference; lastKnownFileType = folder.assetcatalog; path = "Preview Assets.xcassets"; sourceTree = "<group>"; };
		D3A4EB20284F11A4002E3499 /* Csv2ImageApp.entitlements */ = {isa = PBXFileReference; lastKnownFileType = text.plist.entitlements; path = Csv2ImageApp.entitlements; sourceTree = "<group>"; };
		D3A4EB25284F11A4002E3499 /* Csv2ImageAppTests.xctest */ = {isa = PBXFileReference; explicitFileType = wrapper.cfbundle; includeInIndex = 0; path = Csv2ImageAppTests.xctest; sourceTree = BUILT_PRODUCTS_DIR; };
		D3A4EB29284F11A4002E3499 /* Csv2ImageAppTests.swift */ = {isa = PBXFileReference; lastKnownFileType = sourcecode.swift; path = Csv2ImageAppTests.swift; sourceTree = "<group>"; };
		D3A4EB2F284F11A4002E3499 /* Csv2ImageAppUITests.xctest */ = {isa = PBXFileReference; explicitFileType = wrapper.cfbundle; includeInIndex = 0; path = Csv2ImageAppUITests.xctest; sourceTree = BUILT_PRODUCTS_DIR; };
		D3A4EB33284F11A4002E3499 /* Csv2ImageAppUITests.swift */ = {isa = PBXFileReference; lastKnownFileType = sourcecode.swift; path = Csv2ImageAppUITests.swift; sourceTree = "<group>"; };
		D3A4EB35284F11A4002E3499 /* Csv2ImageAppUITestsLaunchTests.swift */ = {isa = PBXFileReference; lastKnownFileType = sourcecode.swift; path = Csv2ImageAppUITestsLaunchTests.swift; sourceTree = "<group>"; };
/* End PBXFileReference section */

/* Begin PBXFrameworksBuildPhase section */
		D3A4EB11284F11A3002E3499 /* Frameworks */ = {
			isa = PBXFrameworksBuildPhase;
			buildActionMask = 2147483647;
			files = (
				D3BD21FC2855D2F6004B53FE /* Csv2Img in Frameworks */,
			);
			runOnlyForDeploymentPostprocessing = 0;
		};
		D3A4EB22284F11A4002E3499 /* Frameworks */ = {
			isa = PBXFrameworksBuildPhase;
			buildActionMask = 2147483647;
			files = (
			);
			runOnlyForDeploymentPostprocessing = 0;
		};
		D3A4EB2C284F11A4002E3499 /* Frameworks */ = {
			isa = PBXFrameworksBuildPhase;
			buildActionMask = 2147483647;
			files = (
			);
			runOnlyForDeploymentPostprocessing = 0;
		};
/* End PBXFrameworksBuildPhase section */

/* Begin PBXGroup section */
		D34306A62855CA170035C6F0 /* Frameworks */ = {
			isa = PBXGroup;
			children = (
			);
			name = Frameworks;
			sourceTree = "<group>";
		};
		D3A4EB0B284F11A3002E3499 = {
			isa = PBXGroup;
			children = (
				D3A4EB16284F11A3002E3499 /* Csv2ImageApp */,
				D3A4EB28284F11A4002E3499 /* Csv2ImageAppTests */,
				D3A4EB32284F11A4002E3499 /* Csv2ImageAppUITests */,
				D3A4EB15284F11A3002E3499 /* Products */,
				D34306A62855CA170035C6F0 /* Frameworks */,
			);
			sourceTree = "<group>";
		};
		D3A4EB15284F11A3002E3499 /* Products */ = {
			isa = PBXGroup;
			children = (
				D3A4EB14284F11A3002E3499 /* Csv2ImageApp.app */,
				D3A4EB25284F11A4002E3499 /* Csv2ImageAppTests.xctest */,
				D3A4EB2F284F11A4002E3499 /* Csv2ImageAppUITests.xctest */,
			);
			name = Products;
			sourceTree = "<group>";
		};
		D3A4EB16284F11A3002E3499 /* Csv2ImageApp */ = {
			isa = PBXGroup;
			children = (
				D3A4EB17284F11A3002E3499 /* Csv2ImageAppApp.swift */,
				D3A4EB19284F11A3002E3499 /* ContentView.swift */,
				D3A4EB1B284F11A4002E3499 /* Assets.xcassets */,
				D3A4EB20284F11A4002E3499 /* Csv2ImageApp.entitlements */,
				D3A4EB1D284F11A4002E3499 /* Preview Content */,
			);
			path = Csv2ImageApp;
			sourceTree = "<group>";
		};
		D3A4EB1D284F11A4002E3499 /* Preview Content */ = {
			isa = PBXGroup;
			children = (
				D3A4EB1E284F11A4002E3499 /* Preview Assets.xcassets */,
			);
			path = "Preview Content";
			sourceTree = "<group>";
		};
		D3A4EB28284F11A4002E3499 /* Csv2ImageAppTests */ = {
			isa = PBXGroup;
			children = (
				D3A4EB29284F11A4002E3499 /* Csv2ImageAppTests.swift */,
			);
			path = Csv2ImageAppTests;
			sourceTree = "<group>";
		};
		D3A4EB32284F11A4002E3499 /* Csv2ImageAppUITests */ = {
			isa = PBXGroup;
			children = (
				D3A4EB33284F11A4002E3499 /* Csv2ImageAppUITests.swift */,
				D3A4EB35284F11A4002E3499 /* Csv2ImageAppUITestsLaunchTests.swift */,
			);
			path = Csv2ImageAppUITests;
			sourceTree = "<group>";
		};
/* End PBXGroup section */

/* Begin PBXNativeTarget section */
		D3A4EB13284F11A3002E3499 /* Csv2ImageApp */ = {
			isa = PBXNativeTarget;
			buildConfigurationList = D3A4EB39284F11A4002E3499 /* Build configuration list for PBXNativeTarget "Csv2ImageApp" */;
			buildPhases = (
				D3A4EB10284F11A3002E3499 /* Sources */,
				D3A4EB11284F11A3002E3499 /* Frameworks */,
				D3A4EB12284F11A3002E3499 /* Resources */,
			);
			buildRules = (
			);
			dependencies = (
			);
			name = Csv2ImageApp;
			packageProductDependencies = (
				D3BD21FB2855D2F6004B53FE /* Csv2Img */,
			);
			productName = Csv2ImageApp;
			productReference = D3A4EB14284F11A3002E3499 /* Csv2ImageApp.app */;
			productType = "com.apple.product-type.application";
		};
		D3A4EB24284F11A4002E3499 /* Csv2ImageAppTests */ = {
			isa = PBXNativeTarget;
			buildConfigurationList = D3A4EB3C284F11A4002E3499 /* Build configuration list for PBXNativeTarget "Csv2ImageAppTests" */;
			buildPhases = (
				D3A4EB21284F11A4002E3499 /* Sources */,
				D3A4EB22284F11A4002E3499 /* Frameworks */,
				D3A4EB23284F11A4002E3499 /* Resources */,
			);
			buildRules = (
			);
			dependencies = (
				D3A4EB27284F11A4002E3499 /* PBXTargetDependency */,
			);
			name = Csv2ImageAppTests;
			productName = Csv2ImageAppTests;
			productReference = D3A4EB25284F11A4002E3499 /* Csv2ImageAppTests.xctest */;
			productType = "com.apple.product-type.bundle.unit-test";
		};
		D3A4EB2E284F11A4002E3499 /* Csv2ImageAppUITests */ = {
			isa = PBXNativeTarget;
			buildConfigurationList = D3A4EB3F284F11A4002E3499 /* Build configuration list for PBXNativeTarget "Csv2ImageAppUITests" */;
			buildPhases = (
				D3A4EB2B284F11A4002E3499 /* Sources */,
				D3A4EB2C284F11A4002E3499 /* Frameworks */,
				D3A4EB2D284F11A4002E3499 /* Resources */,
			);
			buildRules = (
			);
			dependencies = (
				D3A4EB31284F11A4002E3499 /* PBXTargetDependency */,
			);
			name = Csv2ImageAppUITests;
			productName = Csv2ImageAppUITests;
			productReference = D3A4EB2F284F11A4002E3499 /* Csv2ImageAppUITests.xctest */;
			productType = "com.apple.product-type.bundle.ui-testing";
		};
/* End PBXNativeTarget section */

/* Begin PBXProject section */
		D3A4EB0C284F11A3002E3499 /* Project object */ = {
			isa = PBXProject;
			attributes = {
				BuildIndependentTargetsInParallel = 1;
				LastSwiftUpdateCheck = 1340;
				LastUpgradeCheck = 1400;
				TargetAttributes = {
					D3A4EB13284F11A3002E3499 = {
						CreatedOnToolsVersion = 13.4.1;
					};
					D3A4EB24284F11A4002E3499 = {
						CreatedOnToolsVersion = 13.4.1;
						TestTargetID = D3A4EB13284F11A3002E3499;
					};
					D3A4EB2E284F11A4002E3499 = {
						CreatedOnToolsVersion = 13.4.1;
						TestTargetID = D3A4EB13284F11A3002E3499;
					};
				};
			};
			buildConfigurationList = D3A4EB0F284F11A3002E3499 /* Build configuration list for PBXProject "Csv2ImageApp" */;
			compatibilityVersion = "Xcode 13.0";
			developmentRegion = en;
			hasScannedForEncodings = 0;
			knownRegions = (
				en,
				Base,
			);
			mainGroup = D3A4EB0B284F11A3002E3499;
			packageReferences = (
				D3BD21FA2855D2F6004B53FE /* XCRemoteSwiftPackageReference "csv2img" */,
			);
			productRefGroup = D3A4EB15284F11A3002E3499 /* Products */;
			projectDirPath = "";
			projectRoot = "";
			targets = (
				D3A4EB13284F11A3002E3499 /* Csv2ImageApp */,
				D3A4EB24284F11A4002E3499 /* Csv2ImageAppTests */,
				D3A4EB2E284F11A4002E3499 /* Csv2ImageAppUITests */,
			);
		};
/* End PBXProject section */

/* Begin PBXResourcesBuildPhase section */
		D3A4EB12284F11A3002E3499 /* Resources */ = {
			isa = PBXResourcesBuildPhase;
			buildActionMask = 2147483647;
			files = (
				D3A4EB1F284F11A4002E3499 /* Preview Assets.xcassets in Resources */,
				D3A4EB1C284F11A4002E3499 /* Assets.xcassets in Resources */,
			);
			runOnlyForDeploymentPostprocessing = 0;
		};
		D3A4EB23284F11A4002E3499 /* Resources */ = {
			isa = PBXResourcesBuildPhase;
			buildActionMask = 2147483647;
			files = (
			);
			runOnlyForDeploymentPostprocessing = 0;
		};
		D3A4EB2D284F11A4002E3499 /* Resources */ = {
			isa = PBXResourcesBuildPhase;
			buildActionMask = 2147483647;
			files = (
			);
			runOnlyForDeploymentPostprocessing = 0;
		};
/* End PBXResourcesBuildPhase section */

/* Begin PBXSourcesBuildPhase section */
		D3A4EB10284F11A3002E3499 /* Sources */ = {
			isa = PBXSourcesBuildPhase;
			buildActionMask = 2147483647;
			files = (
				D3A4EB1A284F11A3002E3499 /* ContentView.swift in Sources */,
				D3A4EB18284F11A3002E3499 /* Csv2ImageAppApp.swift in Sources */,
			);
			runOnlyForDeploymentPostprocessing = 0;
		};
		D3A4EB21284F11A4002E3499 /* Sources */ = {
			isa = PBXSourcesBuildPhase;
			buildActionMask = 2147483647;
			files = (
				D3A4EB2A284F11A4002E3499 /* Csv2ImageAppTests.swift in Sources */,
			);
			runOnlyForDeploymentPostprocessing = 0;
		};
		D3A4EB2B284F11A4002E3499 /* Sources */ = {
			isa = PBXSourcesBuildPhase;
			buildActionMask = 2147483647;
			files = (
				D3A4EB36284F11A4002E3499 /* Csv2ImageAppUITestsLaunchTests.swift in Sources */,
				D3A4EB34284F11A4002E3499 /* Csv2ImageAppUITests.swift in Sources */,
			);
			runOnlyForDeploymentPostprocessing = 0;
		};
/* End PBXSourcesBuildPhase section */

/* Begin PBXTargetDependency section */
		D3A4EB27284F11A4002E3499 /* PBXTargetDependency */ = {
			isa = PBXTargetDependency;
			target = D3A4EB13284F11A3002E3499 /* Csv2ImageApp */;
			targetProxy = D3A4EB26284F11A4002E3499 /* PBXContainerItemProxy */;
		};
		D3A4EB31284F11A4002E3499 /* PBXTargetDependency */ = {
			isa = PBXTargetDependency;
			target = D3A4EB13284F11A3002E3499 /* Csv2ImageApp */;
			targetProxy = D3A4EB30284F11A4002E3499 /* PBXContainerItemProxy */;
		};
/* End PBXTargetDependency section */

/* Begin XCBuildConfiguration section */
		D3A4EB37284F11A4002E3499 /* Debug */ = {
			isa = XCBuildConfiguration;
			buildSettings = {
				ALWAYS_SEARCH_USER_PATHS = NO;
				CLANG_ANALYZER_NONNULL = YES;
				CLANG_ANALYZER_NUMBER_OBJECT_CONVERSION = YES_AGGRESSIVE;
				CLANG_CXX_LANGUAGE_STANDARD = "gnu++17";
				CLANG_ENABLE_MODULES = YES;
				CLANG_ENABLE_OBJC_ARC = YES;
				CLANG_ENABLE_OBJC_WEAK = YES;
				CLANG_WARN_BLOCK_CAPTURE_AUTORELEASING = YES;
				CLANG_WARN_BOOL_CONVERSION = YES;
				CLANG_WARN_COMMA = YES;
				CLANG_WARN_CONSTANT_CONVERSION = YES;
				CLANG_WARN_DEPRECATED_OBJC_IMPLEMENTATIONS = YES;
				CLANG_WARN_DIRECT_OBJC_ISA_USAGE = YES_ERROR;
				CLANG_WARN_DOCUMENTATION_COMMENTS = YES;
				CLANG_WARN_EMPTY_BODY = YES;
				CLANG_WARN_ENUM_CONVERSION = YES;
				CLANG_WARN_INFINITE_RECURSION = YES;
				CLANG_WARN_INT_CONVERSION = YES;
				CLANG_WARN_NON_LITERAL_NULL_CONVERSION = YES;
				CLANG_WARN_OBJC_IMPLICIT_RETAIN_SELF = YES;
				CLANG_WARN_OBJC_LITERAL_CONVERSION = YES;
				CLANG_WARN_OBJC_ROOT_CLASS = YES_ERROR;
				CLANG_WARN_QUOTED_INCLUDE_IN_FRAMEWORK_HEADER = YES;
				CLANG_WARN_RANGE_LOOP_ANALYSIS = YES;
				CLANG_WARN_STRICT_PROTOTYPES = YES;
				CLANG_WARN_SUSPICIOUS_MOVE = YES;
				CLANG_WARN_UNGUARDED_AVAILABILITY = YES_AGGRESSIVE;
				CLANG_WARN_UNREACHABLE_CODE = YES;
				CLANG_WARN__DUPLICATE_METHOD_MATCH = YES;
				COPY_PHASE_STRIP = NO;
				DEAD_CODE_STRIPPING = YES;
				DEBUG_INFORMATION_FORMAT = dwarf;
				ENABLE_STRICT_OBJC_MSGSEND = YES;
				ENABLE_TESTABILITY = YES;
				GCC_C_LANGUAGE_STANDARD = gnu11;
				GCC_DYNAMIC_NO_PIC = NO;
				GCC_NO_COMMON_BLOCKS = YES;
				GCC_OPTIMIZATION_LEVEL = 0;
				GCC_PREPROCESSOR_DEFINITIONS = (
					"DEBUG=1",
					"$(inherited)",
				);
				GCC_WARN_64_TO_32_BIT_CONVERSION = YES;
				GCC_WARN_ABOUT_RETURN_TYPE = YES_ERROR;
				GCC_WARN_UNDECLARED_SELECTOR = YES;
				GCC_WARN_UNINITIALIZED_AUTOS = YES_AGGRESSIVE;
				GCC_WARN_UNUSED_FUNCTION = YES;
				GCC_WARN_UNUSED_VARIABLE = YES;
				MACOSX_DEPLOYMENT_TARGET = 12.0;
				MTL_ENABLE_DEBUG_INFO = INCLUDE_SOURCE;
				MTL_FAST_MATH = YES;
				ONLY_ACTIVE_ARCH = YES;
				SDKROOT = macosx;
				SWIFT_ACTIVE_COMPILATION_CONDITIONS = DEBUG;
				SWIFT_OPTIMIZATION_LEVEL = "-Onone";
			};
			name = Debug;
		};
		D3A4EB38284F11A4002E3499 /* Release */ = {
			isa = XCBuildConfiguration;
			buildSettings = {
				ALWAYS_SEARCH_USER_PATHS = NO;
				CLANG_ANALYZER_NONNULL = YES;
				CLANG_ANALYZER_NUMBER_OBJECT_CONVERSION = YES_AGGRESSIVE;
				CLANG_CXX_LANGUAGE_STANDARD = "gnu++17";
				CLANG_ENABLE_MODULES = YES;
				CLANG_ENABLE_OBJC_ARC = YES;
				CLANG_ENABLE_OBJC_WEAK = YES;
				CLANG_WARN_BLOCK_CAPTURE_AUTORELEASING = YES;
				CLANG_WARN_BOOL_CONVERSION = YES;
				CLANG_WARN_COMMA = YES;
				CLANG_WARN_CONSTANT_CONVERSION = YES;
				CLANG_WARN_DEPRECATED_OBJC_IMPLEMENTATIONS = YES;
				CLANG_WARN_DIRECT_OBJC_ISA_USAGE = YES_ERROR;
				CLANG_WARN_DOCUMENTATION_COMMENTS = YES;
				CLANG_WARN_EMPTY_BODY = YES;
				CLANG_WARN_ENUM_CONVERSION = YES;
				CLANG_WARN_INFINITE_RECURSION = YES;
				CLANG_WARN_INT_CONVERSION = YES;
				CLANG_WARN_NON_LITERAL_NULL_CONVERSION = YES;
				CLANG_WARN_OBJC_IMPLICIT_RETAIN_SELF = YES;
				CLANG_WARN_OBJC_LITERAL_CONVERSION = YES;
				CLANG_WARN_OBJC_ROOT_CLASS = YES_ERROR;
				CLANG_WARN_QUOTED_INCLUDE_IN_FRAMEWORK_HEADER = YES;
				CLANG_WARN_RANGE_LOOP_ANALYSIS = YES;
				CLANG_WARN_STRICT_PROTOTYPES = YES;
				CLANG_WARN_SUSPICIOUS_MOVE = YES;
				CLANG_WARN_UNGUARDED_AVAILABILITY = YES_AGGRESSIVE;
				CLANG_WARN_UNREACHABLE_CODE = YES;
				CLANG_WARN__DUPLICATE_METHOD_MATCH = YES;
				COPY_PHASE_STRIP = NO;
				DEAD_CODE_STRIPPING = YES;
				DEBUG_INFORMATION_FORMAT = "dwarf-with-dsym";
				ENABLE_NS_ASSERTIONS = NO;
				ENABLE_STRICT_OBJC_MSGSEND = YES;
				GCC_C_LANGUAGE_STANDARD = gnu11;
				GCC_NO_COMMON_BLOCKS = YES;
				GCC_WARN_64_TO_32_BIT_CONVERSION = YES;
				GCC_WARN_ABOUT_RETURN_TYPE = YES_ERROR;
				GCC_WARN_UNDECLARED_SELECTOR = YES;
				GCC_WARN_UNINITIALIZED_AUTOS = YES_AGGRESSIVE;
				GCC_WARN_UNUSED_FUNCTION = YES;
				GCC_WARN_UNUSED_VARIABLE = YES;
				MACOSX_DEPLOYMENT_TARGET = 12.0;
				MTL_ENABLE_DEBUG_INFO = NO;
				MTL_FAST_MATH = YES;
				SDKROOT = macosx;
				SWIFT_COMPILATION_MODE = wholemodule;
				SWIFT_OPTIMIZATION_LEVEL = "-O";
			};
			name = Release;
		};
		D3A4EB3A284F11A4002E3499 /* Debug */ = {
			isa = XCBuildConfiguration;
			buildSettings = {
				ASSETCATALOG_COMPILER_APPICON_NAME = AppIcon;
				ASSETCATALOG_COMPILER_GLOBAL_ACCENT_COLOR_NAME = AccentColor;
				CODE_SIGN_ENTITLEMENTS = Csv2ImageApp/Csv2ImageApp.entitlements;
				CODE_SIGN_IDENTITY = "Apple Development";
				"CODE_SIGN_IDENTITY[sdk=macosx*]" = "-";
				CODE_SIGN_STYLE = Automatic;
				COMBINE_HIDPI_IMAGES = YES;
				CURRENT_PROJECT_VERSION = 1;
				DEAD_CODE_STRIPPING = YES;
				DEVELOPMENT_ASSET_PATHS = "\"Csv2ImageApp/Preview Content\"";
				DEVELOPMENT_TEAM = S8WBNKMKYU;
				ENABLE_HARDENED_RUNTIME = YES;
				ENABLE_PREVIEWS = YES;
				GENERATE_INFOPLIST_FILE = YES;
				INFOPLIST_KEY_LSApplicationCategoryType = "public.app-category.productivity";
				INFOPLIST_KEY_NSHumanReadableCopyright = "";
				INFOPLIST_KEY_UILaunchScreen_Generation = YES;
				INFOPLIST_KEY_UIRequiresFullScreen = NO;
				INFOPLIST_KEY_UISupportedInterfaceOrientations = "UIInterfaceOrientationLandscapeLeft UIInterfaceOrientationLandscapeRight UIInterfaceOrientationPortrait";
				INFOPLIST_KEY_UISupportedInterfaceOrientations_iPad = UIInterfaceOrientationPortraitUpsideDown;
				INFOPLIST_PREPROCESS = YES;
				IPHONEOS_DEPLOYMENT_TARGET = 15.0;
				LD_RUNPATH_SEARCH_PATHS = (
					"$(inherited)",
					"@executable_path/../Frameworks",
				);
				MACOSX_DEPLOYMENT_TARGET = 12.0;
				MARKETING_VERSION = 1.0;
				PRODUCT_BUNDLE_IDENTIFIER = dev.fummicc1.Csv2ImageApp;
				PRODUCT_NAME = "$(TARGET_NAME)";
				PROVISIONING_PROFILE_SPECIFIER = "";
				SUPPORTED_PLATFORMS = "iphoneos iphonesimulator macosx";
				SUPPORTS_MACCATALYST = NO;
				SUPPORTS_MAC_DESIGNED_FOR_IPHONE_IPAD = NO;
				SWIFT_EMIT_LOC_STRINGS = YES;
				SWIFT_VERSION = 5.0;
				TARGETED_DEVICE_FAMILY = "1,2";
			};
			name = Debug;
		};
		D3A4EB3B284F11A4002E3499 /* Release */ = {
			isa = XCBuildConfiguration;
			buildSettings = {
				ASSETCATALOG_COMPILER_APPICON_NAME = AppIcon;
				ASSETCATALOG_COMPILER_GLOBAL_ACCENT_COLOR_NAME = AccentColor;
				CODE_SIGN_ENTITLEMENTS = Csv2ImageApp/Csv2ImageApp.entitlements;
				CODE_SIGN_IDENTITY = "Apple Development";
				"CODE_SIGN_IDENTITY[sdk=macosx*]" = "-";
				CODE_SIGN_STYLE = Automatic;
				COMBINE_HIDPI_IMAGES = YES;
				CURRENT_PROJECT_VERSION = 1;
				DEAD_CODE_STRIPPING = YES;
				DEVELOPMENT_ASSET_PATHS = "\"Csv2ImageApp/Preview Content\"";
				DEVELOPMENT_TEAM = S8WBNKMKYU;
				ENABLE_HARDENED_RUNTIME = YES;
				ENABLE_PREVIEWS = YES;
				GENERATE_INFOPLIST_FILE = YES;
				INFOPLIST_KEY_LSApplicationCategoryType = "public.app-category.productivity";
				INFOPLIST_KEY_NSHumanReadableCopyright = "";
				INFOPLIST_KEY_UILaunchScreen_Generation = YES;
				INFOPLIST_KEY_UIRequiresFullScreen = NO;
				INFOPLIST_KEY_UISupportedInterfaceOrientations = "UIInterfaceOrientationLandscapeLeft UIInterfaceOrientationLandscapeRight UIInterfaceOrientationPortrait";
				INFOPLIST_KEY_UISupportedInterfaceOrientations_iPad = UIInterfaceOrientationPortraitUpsideDown;
				INFOPLIST_PREPROCESS = YES;
				IPHONEOS_DEPLOYMENT_TARGET = 15.0;
				LD_RUNPATH_SEARCH_PATHS = (
					"$(inherited)",
					"@executable_path/../Frameworks",
				);
				MACOSX_DEPLOYMENT_TARGET = 12.0;
				MARKETING_VERSION = 1.0;
				PRODUCT_BUNDLE_IDENTIFIER = dev.fummicc1.Csv2ImageApp;
				PRODUCT_NAME = "$(TARGET_NAME)";
				PROVISIONING_PROFILE_SPECIFIER = "";
				SUPPORTED_PLATFORMS = "iphoneos iphonesimulator macosx";
				SUPPORTS_MACCATALYST = NO;
				SUPPORTS_MAC_DESIGNED_FOR_IPHONE_IPAD = NO;
				SWIFT_EMIT_LOC_STRINGS = YES;
				SWIFT_VERSION = 5.0;
				TARGETED_DEVICE_FAMILY = "1,2";
			};
			name = Release;
		};
		D3A4EB3D284F11A4002E3499 /* Debug */ = {
			isa = XCBuildConfiguration;
			buildSettings = {
				ALWAYS_EMBED_SWIFT_STANDARD_LIBRARIES = YES;
				BUNDLE_LOADER = "$(TEST_HOST)";
				CODE_SIGN_STYLE = Automatic;
				CURRENT_PROJECT_VERSION = 1;
				DEAD_CODE_STRIPPING = YES;
				DEVELOPMENT_TEAM = S8WBNKMKYU;
				GENERATE_INFOPLIST_FILE = YES;
				MACOSX_DEPLOYMENT_TARGET = 12.2;
				MARKETING_VERSION = 1.0;
				PRODUCT_BUNDLE_IDENTIFIER = dev.fummicc1.Csv2ImageAppTests;
				PRODUCT_NAME = "$(TARGET_NAME)";
				SWIFT_EMIT_LOC_STRINGS = NO;
				SWIFT_VERSION = 5.0;
				TEST_HOST = "$(BUILT_PRODUCTS_DIR)/Csv2ImageApp.app/Contents/MacOS/Csv2ImageApp";
			};
			name = Debug;
		};
		D3A4EB3E284F11A4002E3499 /* Release */ = {
			isa = XCBuildConfiguration;
			buildSettings = {
				ALWAYS_EMBED_SWIFT_STANDARD_LIBRARIES = YES;
				BUNDLE_LOADER = "$(TEST_HOST)";
				CODE_SIGN_STYLE = Automatic;
				CURRENT_PROJECT_VERSION = 1;
				DEAD_CODE_STRIPPING = YES;
				DEVELOPMENT_TEAM = S8WBNKMKYU;
				GENERATE_INFOPLIST_FILE = YES;
				MACOSX_DEPLOYMENT_TARGET = 12.2;
				MARKETING_VERSION = 1.0;
				PRODUCT_BUNDLE_IDENTIFIER = dev.fummicc1.Csv2ImageAppTests;
				PRODUCT_NAME = "$(TARGET_NAME)";
				SWIFT_EMIT_LOC_STRINGS = NO;
				SWIFT_VERSION = 5.0;
				TEST_HOST = "$(BUILT_PRODUCTS_DIR)/Csv2ImageApp.app/Contents/MacOS/Csv2ImageApp";
			};
			name = Release;
		};
		D3A4EB40284F11A4002E3499 /* Debug */ = {
			isa = XCBuildConfiguration;
			buildSettings = {
				ALWAYS_EMBED_SWIFT_STANDARD_LIBRARIES = YES;
				CODE_SIGN_STYLE = Automatic;
				CURRENT_PROJECT_VERSION = 1;
				DEAD_CODE_STRIPPING = YES;
				DEVELOPMENT_TEAM = S8WBNKMKYU;
				GENERATE_INFOPLIST_FILE = YES;
				MARKETING_VERSION = 1.0;
				PRODUCT_BUNDLE_IDENTIFIER = dev.fummicc1.Csv2ImageAppUITests;
				PRODUCT_NAME = "$(TARGET_NAME)";
				SWIFT_EMIT_LOC_STRINGS = NO;
				SWIFT_VERSION = 5.0;
				TEST_TARGET_NAME = Csv2ImageApp;
			};
			name = Debug;
		};
		D3A4EB41284F11A4002E3499 /* Release */ = {
			isa = XCBuildConfiguration;
			buildSettings = {
				ALWAYS_EMBED_SWIFT_STANDARD_LIBRARIES = YES;
				CODE_SIGN_STYLE = Automatic;
				CURRENT_PROJECT_VERSION = 1;
				DEAD_CODE_STRIPPING = YES;
				DEVELOPMENT_TEAM = S8WBNKMKYU;
				GENERATE_INFOPLIST_FILE = YES;
				MARKETING_VERSION = 1.0;
				PRODUCT_BUNDLE_IDENTIFIER = dev.fummicc1.Csv2ImageAppUITests;
				PRODUCT_NAME = "$(TARGET_NAME)";
				SWIFT_EMIT_LOC_STRINGS = NO;
				SWIFT_VERSION = 5.0;
				TEST_TARGET_NAME = Csv2ImageApp;
			};
			name = Release;
		};
/* End XCBuildConfiguration section */

/* Begin XCConfigurationList section */
		D3A4EB0F284F11A3002E3499 /* Build configuration list for PBXProject "Csv2ImageApp" */ = {
			isa = XCConfigurationList;
			buildConfigurations = (
				D3A4EB37284F11A4002E3499 /* Debug */,
				D3A4EB38284F11A4002E3499 /* Release */,
			);
			defaultConfigurationIsVisible = 0;
			defaultConfigurationName = Release;
		};
		D3A4EB39284F11A4002E3499 /* Build configuration list for PBXNativeTarget "Csv2ImageApp" */ = {
			isa = XCConfigurationList;
			buildConfigurations = (
				D3A4EB3A284F11A4002E3499 /* Debug */,
				D3A4EB3B284F11A4002E3499 /* Release */,
			);
			defaultConfigurationIsVisible = 0;
			defaultConfigurationName = Release;
		};
		D3A4EB3C284F11A4002E3499 /* Build configuration list for PBXNativeTarget "Csv2ImageAppTests" */ = {
			isa = XCConfigurationList;
			buildConfigurations = (
				D3A4EB3D284F11A4002E3499 /* Debug */,
				D3A4EB3E284F11A4002E3499 /* Release */,
			);
			defaultConfigurationIsVisible = 0;
			defaultConfigurationName = Release;
		};
		D3A4EB3F284F11A4002E3499 /* Build configuration list for PBXNativeTarget "Csv2ImageAppUITests" */ = {
			isa = XCConfigurationList;
			buildConfigurations = (
				D3A4EB40284F11A4002E3499 /* Debug */,
				D3A4EB41284F11A4002E3499 /* Release */,
			);
			defaultConfigurationIsVisible = 0;
			defaultConfigurationName = Release;
		};
/* End XCConfigurationList section */

/* Begin XCRemoteSwiftPackageReference section */
		D3BD21FA2855D2F6004B53FE /* XCRemoteSwiftPackageReference "csv2img" */ = {
			isa = XCRemoteSwiftPackageReference;
			repositoryURL = "https://github.com/fummicc1/csv2img";
			requirement = {
				branch = support_ios;
				kind = branch;
			};
		};
/* End XCRemoteSwiftPackageReference section */

/* Begin XCSwiftPackageProductDependency section */
		D3BD21FB2855D2F6004B53FE /* Csv2Img */ = {
			isa = XCSwiftPackageProductDependency;
			package = D3BD21FA2855D2F6004B53FE /* XCRemoteSwiftPackageReference "csv2img" */;
			productName = Csv2Img;
		};
/* End XCSwiftPackageProductDependency section */
	};
	rootObject = D3A4EB0C284F11A3002E3499 /* Project object */;
}
